// !$*UTF8*$!
{
	archiveVersion = 1;
	classes = {
	};
	objectVersion = 51;
	objects = {

/* Begin PBXBuildFile section */
		109755632537E3A50088A79A /* AppDelegate.swift in Sources */ = {isa = PBXBuildFile; fileRef = 109755622537E3A50088A79A /* AppDelegate.swift */; };
		109755652537E3A50088A79A /* SceneDelegate.swift in Sources */ = {isa = PBXBuildFile; fileRef = 109755642537E3A50088A79A /* SceneDelegate.swift */; };
		1097556A2537E3A50088A79A /* Main.storyboard in Resources */ = {isa = PBXBuildFile; fileRef = 109755682537E3A50088A79A /* Main.storyboard */; };
		1097556C2537E3A80088A79A /* Assets.xcassets in Resources */ = {isa = PBXBuildFile; fileRef = 1097556B2537E3A80088A79A /* Assets.xcassets */; };
		1097556F2537E3A80088A79A /* LaunchScreen.storyboard in Resources */ = {isa = PBXBuildFile; fileRef = 1097556D2537E3A80088A79A /* LaunchScreen.storyboard */; };
		1097557A2537E3A80088A79A /* ParstagramTests.swift in Sources */ = {isa = PBXBuildFile; fileRef = 109755792537E3A80088A79A /* ParstagramTests.swift */; };
		109755852537E3A80088A79A /* ParstagramUITests.swift in Sources */ = {isa = PBXBuildFile; fileRef = 109755842537E3A80088A79A /* ParstagramUITests.swift */; };
		1097559C2537E6360088A79A /* LoginViewController.swift in Sources */ = {isa = PBXBuildFile; fileRef = 1097559B2537E6360088A79A /* LoginViewController.swift */; };
		109755A12537E6420088A79A /* FeedViewController.swift in Sources */ = {isa = PBXBuildFile; fileRef = 109755A02537E6420088A79A /* FeedViewController.swift */; };
		109755AF2537ED500088A79A /* CameraViewController.swift in Sources */ = {isa = PBXBuildFile; fileRef = 109755AE2537ED500088A79A /* CameraViewController.swift */; };
		109755BF2537F6F80088A79A /* PostCell.swift in Sources */ = {isa = PBXBuildFile; fileRef = 109755BE2537F6F80088A79A /* PostCell.swift */; };
		26A400AD91E2952435EF0818 /* Pods_Parstagram_ParstagramUITests.framework in Frameworks */ = {isa = PBXBuildFile; fileRef = 88117D84689F18C67336A219 /* Pods_Parstagram_ParstagramUITests.framework */; };
		2942678E543D73FC99B2740D /* Pods_ParstagramTests.framework in Frameworks */ = {isa = PBXBuildFile; fileRef = 38810071F6713E7CD3FFD78A /* Pods_ParstagramTests.framework */; };
		D4765259D6BB980700C58502 /* Pods_Parstagram.framework in Frameworks */ = {isa = PBXBuildFile; fileRef = D13A6F89BFB87582D25F7005 /* Pods_Parstagram.framework */; };
/* End PBXBuildFile section */

/* Begin PBXContainerItemProxy section */
		109755762537E3A80088A79A /* PBXContainerItemProxy */ = {
			isa = PBXContainerItemProxy;
			containerPortal = 109755572537E3A40088A79A /* Project object */;
			proxyType = 1;
			remoteGlobalIDString = 1097555E2537E3A40088A79A;
			remoteInfo = Parstagram;
		};
		109755812537E3A80088A79A /* PBXContainerItemProxy */ = {
			isa = PBXContainerItemProxy;
			containerPortal = 109755572537E3A40088A79A /* Project object */;
			proxyType = 1;
			remoteGlobalIDString = 1097555E2537E3A40088A79A;
			remoteInfo = Parstagram;
		};
/* End PBXContainerItemProxy section */

/* Begin PBXFileReference section */
		0DAB2A3A4D75F7E4D1C1DB50 /* Pods-Parstagram.release.xcconfig */ = {isa = PBXFileReference; includeInIndex = 1; lastKnownFileType = text.xcconfig; name = "Pods-Parstagram.release.xcconfig"; path = "Target Support Files/Pods-Parstagram/Pods-Parstagram.release.xcconfig"; sourceTree = "<group>"; };
		1097555F2537E3A50088A79A /* Parstagram.app */ = {isa = PBXFileReference; explicitFileType = wrapper.application; includeInIndex = 0; path = Parstagram.app; sourceTree = BUILT_PRODUCTS_DIR; };
		109755622537E3A50088A79A /* AppDelegate.swift */ = {isa = PBXFileReference; lastKnownFileType = sourcecode.swift; path = AppDelegate.swift; sourceTree = "<group>"; };
		109755642537E3A50088A79A /* SceneDelegate.swift */ = {isa = PBXFileReference; lastKnownFileType = sourcecode.swift; path = SceneDelegate.swift; sourceTree = "<group>"; };
		109755692537E3A50088A79A /* Base */ = {isa = PBXFileReference; lastKnownFileType = file.storyboard; name = Base; path = Base.lproj/Main.storyboard; sourceTree = "<group>"; };
		1097556B2537E3A80088A79A /* Assets.xcassets */ = {isa = PBXFileReference; lastKnownFileType = folder.assetcatalog; path = Assets.xcassets; sourceTree = "<group>"; };
		1097556E2537E3A80088A79A /* Base */ = {isa = PBXFileReference; lastKnownFileType = file.storyboard; name = Base; path = Base.lproj/LaunchScreen.storyboard; sourceTree = "<group>"; };
		109755702537E3A80088A79A /* Info.plist */ = {isa = PBXFileReference; lastKnownFileType = text.plist.xml; path = Info.plist; sourceTree = "<group>"; };
		109755752537E3A80088A79A /* ParstagramTests.xctest */ = {isa = PBXFileReference; explicitFileType = wrapper.cfbundle; includeInIndex = 0; path = ParstagramTests.xctest; sourceTree = BUILT_PRODUCTS_DIR; };
		109755792537E3A80088A79A /* ParstagramTests.swift */ = {isa = PBXFileReference; lastKnownFileType = sourcecode.swift; path = ParstagramTests.swift; sourceTree = "<group>"; };
		1097557B2537E3A80088A79A /* Info.plist */ = {isa = PBXFileReference; lastKnownFileType = text.plist.xml; path = Info.plist; sourceTree = "<group>"; };
		109755802537E3A80088A79A /* ParstagramUITests.xctest */ = {isa = PBXFileReference; explicitFileType = wrapper.cfbundle; includeInIndex = 0; path = ParstagramUITests.xctest; sourceTree = BUILT_PRODUCTS_DIR; };
		109755842537E3A80088A79A /* ParstagramUITests.swift */ = {isa = PBXFileReference; lastKnownFileType = sourcecode.swift; path = ParstagramUITests.swift; sourceTree = "<group>"; };
		109755862537E3A80088A79A /* Info.plist */ = {isa = PBXFileReference; lastKnownFileType = text.plist.xml; path = Info.plist; sourceTree = "<group>"; };
		1097559B2537E6360088A79A /* LoginViewController.swift */ = {isa = PBXFileReference; lastKnownFileType = sourcecode.swift; path = LoginViewController.swift; sourceTree = "<group>"; };
		109755A02537E6420088A79A /* FeedViewController.swift */ = {isa = PBXFileReference; lastKnownFileType = sourcecode.swift; path = FeedViewController.swift; sourceTree = "<group>"; };
		109755AE2537ED500088A79A /* CameraViewController.swift */ = {isa = PBXFileReference; lastKnownFileType = sourcecode.swift; path = CameraViewController.swift; sourceTree = "<group>"; };
		109755BE2537F6F80088A79A /* PostCell.swift */ = {isa = PBXFileReference; lastKnownFileType = sourcecode.swift; path = PostCell.swift; sourceTree = "<group>"; };
		38810071F6713E7CD3FFD78A /* Pods_ParstagramTests.framework */ = {isa = PBXFileReference; explicitFileType = wrapper.framework; includeInIndex = 0; path = Pods_ParstagramTests.framework; sourceTree = BUILT_PRODUCTS_DIR; };
		7B958DC680AD0F066CFAFC9C /* Pods-Parstagram-ParstagramUITests.debug.xcconfig */ = {isa = PBXFileReference; includeInIndex = 1; lastKnownFileType = text.xcconfig; name = "Pods-Parstagram-ParstagramUITests.debug.xcconfig"; path = "Target Support Files/Pods-Parstagram-ParstagramUITests/Pods-Parstagram-ParstagramUITests.debug.xcconfig"; sourceTree = "<group>"; };
		88117D84689F18C67336A219 /* Pods_Parstagram_ParstagramUITests.framework */ = {isa = PBXFileReference; explicitFileType = wrapper.framework; includeInIndex = 0; path = Pods_Parstagram_ParstagramUITests.framework; sourceTree = BUILT_PRODUCTS_DIR; };
		A4339B546602B374EAB19265 /* Pods-Parstagram-ParstagramUITests.release.xcconfig */ = {isa = PBXFileReference; includeInIndex = 1; lastKnownFileType = text.xcconfig; name = "Pods-Parstagram-ParstagramUITests.release.xcconfig"; path = "Target Support Files/Pods-Parstagram-ParstagramUITests/Pods-Parstagram-ParstagramUITests.release.xcconfig"; sourceTree = "<group>"; };
		B7DC86B1CF5A71B62DDD07C8 /* Pods-Parstagram.debug.xcconfig */ = {isa = PBXFileReference; includeInIndex = 1; lastKnownFileType = text.xcconfig; name = "Pods-Parstagram.debug.xcconfig"; path = "Target Support Files/Pods-Parstagram/Pods-Parstagram.debug.xcconfig"; sourceTree = "<group>"; };
		D13A6F89BFB87582D25F7005 /* Pods_Parstagram.framework */ = {isa = PBXFileReference; explicitFileType = wrapper.framework; includeInIndex = 0; path = Pods_Parstagram.framework; sourceTree = BUILT_PRODUCTS_DIR; };
		E173A8743CCDA77FE1264A04 /* Pods-ParstagramTests.debug.xcconfig */ = {isa = PBXFileReference; includeInIndex = 1; lastKnownFileType = text.xcconfig; name = "Pods-ParstagramTests.debug.xcconfig"; path = "Target Support Files/Pods-ParstagramTests/Pods-ParstagramTests.debug.xcconfig"; sourceTree = "<group>"; };
		ED8B726DC034334032DE1F3B /* Pods-ParstagramTests.release.xcconfig */ = {isa = PBXFileReference; includeInIndex = 1; lastKnownFileType = text.xcconfig; name = "Pods-ParstagramTests.release.xcconfig"; path = "Target Support Files/Pods-ParstagramTests/Pods-ParstagramTests.release.xcconfig"; sourceTree = "<group>"; };
/* End PBXFileReference section */

/* Begin PBXFrameworksBuildPhase section */
		1097555C2537E3A40088A79A /* Frameworks */ = {
			isa = PBXFrameworksBuildPhase;
			buildActionMask = 2147483647;
			files = (
				D4765259D6BB980700C58502 /* Pods_Parstagram.framework in Frameworks */,
			);
			runOnlyForDeploymentPostprocessing = 0;
		};
		109755722537E3A80088A79A /* Frameworks */ = {
			isa = PBXFrameworksBuildPhase;
			buildActionMask = 2147483647;
			files = (
				2942678E543D73FC99B2740D /* Pods_ParstagramTests.framework in Frameworks */,
			);
			runOnlyForDeploymentPostprocessing = 0;
		};
		1097557D2537E3A80088A79A /* Frameworks */ = {
			isa = PBXFrameworksBuildPhase;
			buildActionMask = 2147483647;
			files = (
				26A400AD91E2952435EF0818 /* Pods_Parstagram_ParstagramUITests.framework in Frameworks */,
			);
			runOnlyForDeploymentPostprocessing = 0;
		};
/* End PBXFrameworksBuildPhase section */

/* Begin PBXGroup section */
		109755562537E3A40088A79A = {
			isa = PBXGroup;
			children = (
				109755612537E3A50088A79A /* Parstagram */,
				109755782537E3A80088A79A /* ParstagramTests */,
				109755832537E3A80088A79A /* ParstagramUITests */,
				109755602537E3A50088A79A /* Products */,
				B57FA9C3AF4FD25120FB85C0 /* Pods */,
				D5DD4D37B0F1E2E1A9F8F91C /* Frameworks */,
			);
			sourceTree = "<group>";
		};
		109755602537E3A50088A79A /* Products */ = {
			isa = PBXGroup;
			children = (
				1097555F2537E3A50088A79A /* Parstagram.app */,
				109755752537E3A80088A79A /* ParstagramTests.xctest */,
				109755802537E3A80088A79A /* ParstagramUITests.xctest */,
			);
			name = Products;
			sourceTree = "<group>";
		};
		109755612537E3A50088A79A /* Parstagram */ = {
			isa = PBXGroup;
			children = (
				109755622537E3A50088A79A /* AppDelegate.swift */,
				109755642537E3A50088A79A /* SceneDelegate.swift */,
				109755682537E3A50088A79A /* Main.storyboard */,
				1097556B2537E3A80088A79A /* Assets.xcassets */,
				1097556D2537E3A80088A79A /* LaunchScreen.storyboard */,
				109755702537E3A80088A79A /* Info.plist */,
				1097559B2537E6360088A79A /* LoginViewController.swift */,
				109755A02537E6420088A79A /* FeedViewController.swift */,
				109755AE2537ED500088A79A /* CameraViewController.swift */,
				109755BE2537F6F80088A79A /* PostCell.swift */,
			);
			path = Parstagram;
			sourceTree = "<group>";
		};
		109755782537E3A80088A79A /* ParstagramTests */ = {
			isa = PBXGroup;
			children = (
				109755792537E3A80088A79A /* ParstagramTests.swift */,
				1097557B2537E3A80088A79A /* Info.plist */,
			);
			path = ParstagramTests;
			sourceTree = "<group>";
		};
		109755832537E3A80088A79A /* ParstagramUITests */ = {
			isa = PBXGroup;
			children = (
				109755842537E3A80088A79A /* ParstagramUITests.swift */,
				109755862537E3A80088A79A /* Info.plist */,
			);
			path = ParstagramUITests;
			sourceTree = "<group>";
		};
		B57FA9C3AF4FD25120FB85C0 /* Pods */ = {
			isa = PBXGroup;
			children = (
				B7DC86B1CF5A71B62DDD07C8 /* Pods-Parstagram.debug.xcconfig */,
				0DAB2A3A4D75F7E4D1C1DB50 /* Pods-Parstagram.release.xcconfig */,
				7B958DC680AD0F066CFAFC9C /* Pods-Parstagram-ParstagramUITests.debug.xcconfig */,
				A4339B546602B374EAB19265 /* Pods-Parstagram-ParstagramUITests.release.xcconfig */,
				E173A8743CCDA77FE1264A04 /* Pods-ParstagramTests.debug.xcconfig */,
				ED8B726DC034334032DE1F3B /* Pods-ParstagramTests.release.xcconfig */,
			);
			path = Pods;
			sourceTree = "<group>";
		};
		D5DD4D37B0F1E2E1A9F8F91C /* Frameworks */ = {
			isa = PBXGroup;
			children = (
				D13A6F89BFB87582D25F7005 /* Pods_Parstagram.framework */,
				88117D84689F18C67336A219 /* Pods_Parstagram_ParstagramUITests.framework */,
				38810071F6713E7CD3FFD78A /* Pods_ParstagramTests.framework */,
			);
			name = Frameworks;
			sourceTree = "<group>";
		};
/* End PBXGroup section */

/* Begin PBXNativeTarget section */
		1097555E2537E3A40088A79A /* Parstagram */ = {
			isa = PBXNativeTarget;
			buildConfigurationList = 109755892537E3A80088A79A /* Build configuration list for PBXNativeTarget "Parstagram" */;
			buildPhases = (
				D301A96C299482517EE9CFE7 /* [CP] Check Pods Manifest.lock */,
				1097555B2537E3A40088A79A /* Sources */,
				1097555C2537E3A40088A79A /* Frameworks */,
				1097555D2537E3A40088A79A /* Resources */,
				EBB709DFAAFD5355B654ADC7 /* [CP] Embed Pods Frameworks */,
			);
			buildRules = (
			);
			dependencies = (
			);
			name = Parstagram;
			productName = Parstagram;
			productReference = 1097555F2537E3A50088A79A /* Parstagram.app */;
			productType = "com.apple.product-type.application";
		};
		109755742537E3A80088A79A /* ParstagramTests */ = {
			isa = PBXNativeTarget;
			buildConfigurationList = 1097558C2537E3A80088A79A /* Build configuration list for PBXNativeTarget "ParstagramTests" */;
			buildPhases = (
				5293A43E8A492E22B8AD2C41 /* [CP] Check Pods Manifest.lock */,
				109755712537E3A80088A79A /* Sources */,
				109755722537E3A80088A79A /* Frameworks */,
				109755732537E3A80088A79A /* Resources */,
			);
			buildRules = (
			);
			dependencies = (
				109755772537E3A80088A79A /* PBXTargetDependency */,
			);
			name = ParstagramTests;
			productName = ParstagramTests;
			productReference = 109755752537E3A80088A79A /* ParstagramTests.xctest */;
			productType = "com.apple.product-type.bundle.unit-test";
		};
		1097557F2537E3A80088A79A /* ParstagramUITests */ = {
			isa = PBXNativeTarget;
			buildConfigurationList = 1097558F2537E3A80088A79A /* Build configuration list for PBXNativeTarget "ParstagramUITests" */;
			buildPhases = (
				5359A5469C6BDCB295FD8FD8 /* [CP] Check Pods Manifest.lock */,
				1097557C2537E3A80088A79A /* Sources */,
				1097557D2537E3A80088A79A /* Frameworks */,
				1097557E2537E3A80088A79A /* Resources */,
				FAE383B80DF80279F24730E3 /* [CP] Embed Pods Frameworks */,
			);
			buildRules = (
			);
			dependencies = (
				109755822537E3A80088A79A /* PBXTargetDependency */,
			);
			name = ParstagramUITests;
			productName = ParstagramUITests;
			productReference = 109755802537E3A80088A79A /* ParstagramUITests.xctest */;
			productType = "com.apple.product-type.bundle.ui-testing";
		};
/* End PBXNativeTarget section */

/* Begin PBXProject section */
		109755572537E3A40088A79A /* Project object */ = {
			isa = PBXProject;
			attributes = {
				LastSwiftUpdateCheck = 1200;
				LastUpgradeCheck = 1200;
				TargetAttributes = {
					1097555E2537E3A40088A79A = {
						CreatedOnToolsVersion = 12.0.1;
					};
					109755742537E3A80088A79A = {
						CreatedOnToolsVersion = 12.0.1;
						TestTargetID = 1097555E2537E3A40088A79A;
					};
					1097557F2537E3A80088A79A = {
						CreatedOnToolsVersion = 12.0.1;
						TestTargetID = 1097555E2537E3A40088A79A;
					};
				};
			};
			buildConfigurationList = 1097555A2537E3A40088A79A /* Build configuration list for PBXProject "Parstagram" */;
			compatibilityVersion = "Xcode 9.3";
			developmentRegion = en;
			hasScannedForEncodings = 0;
			knownRegions = (
				en,
				Base,
			);
			mainGroup = 109755562537E3A40088A79A;
			productRefGroup = 109755602537E3A50088A79A /* Products */;
			projectDirPath = "";
			projectRoot = "";
			targets = (
				1097555E2537E3A40088A79A /* Parstagram */,
				109755742537E3A80088A79A /* ParstagramTests */,
				1097557F2537E3A80088A79A /* ParstagramUITests */,
			);
		};
/* End PBXProject section */

/* Begin PBXResourcesBuildPhase section */
		1097555D2537E3A40088A79A /* Resources */ = {
			isa = PBXResourcesBuildPhase;
			buildActionMask = 2147483647;
			files = (
				1097556F2537E3A80088A79A /* LaunchScreen.storyboard in Resources */,
				1097556C2537E3A80088A79A /* Assets.xcassets in Resources */,
				1097556A2537E3A50088A79A /* Main.storyboard in Resources */,
			);
			runOnlyForDeploymentPostprocessing = 0;
		};
		109755732537E3A80088A79A /* Resources */ = {
			isa = PBXResourcesBuildPhase;
			buildActionMask = 2147483647;
			files = (
			);
			runOnlyForDeploymentPostprocessing = 0;
		};
		1097557E2537E3A80088A79A /* Resources */ = {
			isa = PBXResourcesBuildPhase;
			buildActionMask = 2147483647;
			files = (
			);
			runOnlyForDeploymentPostprocessing = 0;
		};
/* End PBXResourcesBuildPhase section */

/* Begin PBXShellScriptBuildPhase section */
		5293A43E8A492E22B8AD2C41 /* [CP] Check Pods Manifest.lock */ = {
			isa = PBXShellScriptBuildPhase;
			buildActionMask = 2147483647;
			files = (
			);
			inputFileListPaths = (
			);
			inputPaths = (
				"${PODS_PODFILE_DIR_PATH}/Podfile.lock",
				"${PODS_ROOT}/Manifest.lock",
			);
			name = "[CP] Check Pods Manifest.lock";
			outputFileListPaths = (
			);
			outputPaths = (
				"$(DERIVED_FILE_DIR)/Pods-ParstagramTests-checkManifestLockResult.txt",
			);
			runOnlyForDeploymentPostprocessing = 0;
			shellPath = /bin/sh;
			shellScript = "diff \"${PODS_PODFILE_DIR_PATH}/Podfile.lock\" \"${PODS_ROOT}/Manifest.lock\" > /dev/null\nif [ $? != 0 ] ; then\n    # print error to STDERR\n    echo \"error: The sandbox is not in sync with the Podfile.lock. Run 'pod install' or update your CocoaPods installation.\" >&2\n    exit 1\nfi\n# This output is used by Xcode 'outputs' to avoid re-running this script phase.\necho \"SUCCESS\" > \"${SCRIPT_OUTPUT_FILE_0}\"\n";
			showEnvVarsInLog = 0;
		};
		5359A5469C6BDCB295FD8FD8 /* [CP] Check Pods Manifest.lock */ = {
			isa = PBXShellScriptBuildPhase;
			buildActionMask = 2147483647;
			files = (
			);
			inputFileListPaths = (
			);
			inputPaths = (
				"${PODS_PODFILE_DIR_PATH}/Podfile.lock",
				"${PODS_ROOT}/Manifest.lock",
			);
			name = "[CP] Check Pods Manifest.lock";
			outputFileListPaths = (
			);
			outputPaths = (
				"$(DERIVED_FILE_DIR)/Pods-Parstagram-ParstagramUITests-checkManifestLockResult.txt",
			);
			runOnlyForDeploymentPostprocessing = 0;
			shellPath = /bin/sh;
			shellScript = "diff \"${PODS_PODFILE_DIR_PATH}/Podfile.lock\" \"${PODS_ROOT}/Manifest.lock\" > /dev/null\nif [ $? != 0 ] ; then\n    # print error to STDERR\n    echo \"error: The sandbox is not in sync with the Podfile.lock. Run 'pod install' or update your CocoaPods installation.\" >&2\n    exit 1\nfi\n# This output is used by Xcode 'outputs' to avoid re-running this script phase.\necho \"SUCCESS\" > \"${SCRIPT_OUTPUT_FILE_0}\"\n";
			showEnvVarsInLog = 0;
		};
		D301A96C299482517EE9CFE7 /* [CP] Check Pods Manifest.lock */ = {
			isa = PBXShellScriptBuildPhase;
			buildActionMask = 2147483647;
			files = (
			);
			inputFileListPaths = (
			);
			inputPaths = (
				"${PODS_PODFILE_DIR_PATH}/Podfile.lock",
				"${PODS_ROOT}/Manifest.lock",
			);
			name = "[CP] Check Pods Manifest.lock";
			outputFileListPaths = (
			);
			outputPaths = (
				"$(DERIVED_FILE_DIR)/Pods-Parstagram-checkManifestLockResult.txt",
			);
			runOnlyForDeploymentPostprocessing = 0;
			shellPath = /bin/sh;
			shellScript = "diff \"${PODS_PODFILE_DIR_PATH}/Podfile.lock\" \"${PODS_ROOT}/Manifest.lock\" > /dev/null\nif [ $? != 0 ] ; then\n    # print error to STDERR\n    echo \"error: The sandbox is not in sync with the Podfile.lock. Run 'pod install' or update your CocoaPods installation.\" >&2\n    exit 1\nfi\n# This output is used by Xcode 'outputs' to avoid re-running this script phase.\necho \"SUCCESS\" > \"${SCRIPT_OUTPUT_FILE_0}\"\n";
			showEnvVarsInLog = 0;
		};
		EBB709DFAAFD5355B654ADC7 /* [CP] Embed Pods Frameworks */ = {
			isa = PBXShellScriptBuildPhase;
			buildActionMask = 2147483647;
			files = (
			);
			inputFileListPaths = (
				"${PODS_ROOT}/Target Support Files/Pods-Parstagram/Pods-Parstagram-frameworks-${CONFIGURATION}-input-files.xcfilelist",
			);
			name = "[CP] Embed Pods Frameworks";
			outputFileListPaths = (
				"${PODS_ROOT}/Target Support Files/Pods-Parstagram/Pods-Parstagram-frameworks-${CONFIGURATION}-output-files.xcfilelist",
			);
			runOnlyForDeploymentPostprocessing = 0;
			shellPath = /bin/sh;
			shellScript = "\"${PODS_ROOT}/Target Support Files/Pods-Parstagram/Pods-Parstagram-frameworks.sh\"\n";
			showEnvVarsInLog = 0;
		};
		FAE383B80DF80279F24730E3 /* [CP] Embed Pods Frameworks */ = {
			isa = PBXShellScriptBuildPhase;
			buildActionMask = 2147483647;
			files = (
			);
			inputFileListPaths = (
				"${PODS_ROOT}/Target Support Files/Pods-Parstagram-ParstagramUITests/Pods-Parstagram-ParstagramUITests-frameworks-${CONFIGURATION}-input-files.xcfilelist",
			);
			name = "[CP] Embed Pods Frameworks";
			outputFileListPaths = (
				"${PODS_ROOT}/Target Support Files/Pods-Parstagram-ParstagramUITests/Pods-Parstagram-ParstagramUITests-frameworks-${CONFIGURATION}-output-files.xcfilelist",
			);
			runOnlyForDeploymentPostprocessing = 0;
			shellPath = /bin/sh;
			shellScript = "\"${PODS_ROOT}/Target Support Files/Pods-Parstagram-ParstagramUITests/Pods-Parstagram-ParstagramUITests-frameworks.sh\"\n";
			showEnvVarsInLog = 0;
		};
/* End PBXShellScriptBuildPhase section */

/* Begin PBXSourcesBuildPhase section */
		1097555B2537E3A40088A79A /* Sources */ = {
			isa = PBXSourcesBuildPhase;
			buildActionMask = 2147483647;
			files = (
				1097559C2537E6360088A79A /* LoginViewController.swift in Sources */,
				109755AF2537ED500088A79A /* CameraViewController.swift in Sources */,
				109755632537E3A50088A79A /* AppDelegate.swift in Sources */,
				109755A12537E6420088A79A /* FeedViewController.swift in Sources */,
				109755652537E3A50088A79A /* SceneDelegate.swift in Sources */,
				109755BF2537F6F80088A79A /* PostCell.swift in Sources */,
			);
			runOnlyForDeploymentPostprocessing = 0;
		};
		109755712537E3A80088A79A /* Sources */ = {
			isa = PBXSourcesBuildPhase;
			buildActionMask = 2147483647;
			files = (
				1097557A2537E3A80088A79A /* ParstagramTests.swift in Sources */,
			);
			runOnlyForDeploymentPostprocessing = 0;
		};
		1097557C2537E3A80088A79A /* Sources */ = {
			isa = PBXSourcesBuildPhase;
			buildActionMask = 2147483647;
			files = (
				109755852537E3A80088A79A /* ParstagramUITests.swift in Sources */,
			);
			runOnlyForDeploymentPostprocessing = 0;
		};
/* End PBXSourcesBuildPhase section */

/* Begin PBXTargetDependency section */
		109755772537E3A80088A79A /* PBXTargetDependency */ = {
			isa = PBXTargetDependency;
			target = 1097555E2537E3A40088A79A /* Parstagram */;
			targetProxy = 109755762537E3A80088A79A /* PBXContainerItemProxy */;
		};
		109755822537E3A80088A79A /* PBXTargetDependency */ = {
			isa = PBXTargetDependency;
			target = 1097555E2537E3A40088A79A /* Parstagram */;
			targetProxy = 109755812537E3A80088A79A /* PBXContainerItemProxy */;
		};
/* End PBXTargetDependency section */

/* Begin PBXVariantGroup section */
		109755682537E3A50088A79A /* Main.storyboard */ = {
			isa = PBXVariantGroup;
			children = (
				109755692537E3A50088A79A /* Base */,
			);
			name = Main.storyboard;
			sourceTree = "<group>";
		};
		1097556D2537E3A80088A79A /* LaunchScreen.storyboard */ = {
			isa = PBXVariantGroup;
			children = (
				1097556E2537E3A80088A79A /* Base */,
			);
			name = LaunchScreen.storyboard;
			sourceTree = "<group>";
		};
/* End PBXVariantGroup section */

/* Begin XCBuildConfiguration section */
		109755872537E3A80088A79A /* Debug */ = {
			isa = XCBuildConfiguration;
			buildSettings = {
				ALWAYS_SEARCH_USER_PATHS = NO;
				CLANG_ANALYZER_NONNULL = YES;
				CLANG_ANALYZER_NUMBER_OBJECT_CONVERSION = YES_AGGRESSIVE;
				CLANG_CXX_LANGUAGE_STANDARD = "gnu++14";
				CLANG_CXX_LIBRARY = "libc++";
				CLANG_ENABLE_MODULES = YES;
				CLANG_ENABLE_OBJC_ARC = YES;
				CLANG_ENABLE_OBJC_WEAK = YES;
				CLANG_WARN_BLOCK_CAPTURE_AUTORELEASING = YES;
				CLANG_WARN_BOOL_CONVERSION = YES;
				CLANG_WARN_COMMA = YES;
				CLANG_WARN_CONSTANT_CONVERSION = YES;
				CLANG_WARN_DEPRECATED_OBJC_IMPLEMENTATIONS = YES;
				CLANG_WARN_DIRECT_OBJC_ISA_USAGE = YES_ERROR;
				CLANG_WARN_DOCUMENTATION_COMMENTS = YES;
				CLANG_WARN_EMPTY_BODY = YES;
				CLANG_WARN_ENUM_CONVERSION = YES;
				CLANG_WARN_INFINITE_RECURSION = YES;
				CLANG_WARN_INT_CONVERSION = YES;
				CLANG_WARN_NON_LITERAL_NULL_CONVERSION = YES;
				CLANG_WARN_OBJC_IMPLICIT_RETAIN_SELF = YES;
				CLANG_WARN_OBJC_LITERAL_CONVERSION = YES;
				CLANG_WARN_OBJC_ROOT_CLASS = YES_ERROR;
				CLANG_WARN_QUOTED_INCLUDE_IN_FRAMEWORK_HEADER = YES;
				CLANG_WARN_RANGE_LOOP_ANALYSIS = YES;
				CLANG_WARN_STRICT_PROTOTYPES = YES;
				CLANG_WARN_SUSPICIOUS_MOVE = YES;
				CLANG_WARN_UNGUARDED_AVAILABILITY = YES_AGGRESSIVE;
				CLANG_WARN_UNREACHABLE_CODE = YES;
				CLANG_WARN__DUPLICATE_METHOD_MATCH = YES;
				COPY_PHASE_STRIP = NO;
				DEBUG_INFORMATION_FORMAT = dwarf;
				ENABLE_STRICT_OBJC_MSGSEND = YES;
				ENABLE_TESTABILITY = YES;
				GCC_C_LANGUAGE_STANDARD = gnu11;
				GCC_DYNAMIC_NO_PIC = NO;
				GCC_NO_COMMON_BLOCKS = YES;
				GCC_OPTIMIZATION_LEVEL = 0;
				GCC_PREPROCESSOR_DEFINITIONS = (
					"DEBUG=1",
					"$(inherited)",
				);
				GCC_WARN_64_TO_32_BIT_CONVERSION = YES;
				GCC_WARN_ABOUT_RETURN_TYPE = YES_ERROR;
				GCC_WARN_UNDECLARED_SELECTOR = YES;
				GCC_WARN_UNINITIALIZED_AUTOS = YES_AGGRESSIVE;
				GCC_WARN_UNUSED_FUNCTION = YES;
				GCC_WARN_UNUSED_VARIABLE = YES;
				IPHONEOS_DEPLOYMENT_TARGET = 14.0;
				MTL_ENABLE_DEBUG_INFO = INCLUDE_SOURCE;
				MTL_FAST_MATH = YES;
				ONLY_ACTIVE_ARCH = YES;
				SDKROOT = iphoneos;
				SWIFT_ACTIVE_COMPILATION_CONDITIONS = DEBUG;
				SWIFT_OPTIMIZATION_LEVEL = "-Onone";
			};
			name = Debug;
		};
		109755882537E3A80088A79A /* Release */ = {
			isa = XCBuildConfiguration;
			buildSettings = {
				ALWAYS_SEARCH_USER_PATHS = NO;
				CLANG_ANALYZER_NONNULL = YES;
				CLANG_ANALYZER_NUMBER_OBJECT_CONVERSION = YES_AGGRESSIVE;
				CLANG_CXX_LANGUAGE_STANDARD = "gnu++14";
				CLANG_CXX_LIBRARY = "libc++";
				CLANG_ENABLE_MODULES = YES;
				CLANG_ENABLE_OBJC_ARC = YES;
				CLANG_ENABLE_OBJC_WEAK = YES;
				CLANG_WARN_BLOCK_CAPTURE_AUTORELEASING = YES;
				CLANG_WARN_BOOL_CONVERSION = YES;
				CLANG_WARN_COMMA = YES;
				CLANG_WARN_CONSTANT_CONVERSION = YES;
				CLANG_WARN_DEPRECATED_OBJC_IMPLEMENTATIONS = YES;
				CLANG_WARN_DIRECT_OBJC_ISA_USAGE = YES_ERROR;
				CLANG_WARN_DOCUMENTATION_COMMENTS = YES;
				CLANG_WARN_EMPTY_BODY = YES;
				CLANG_WARN_ENUM_CONVERSION = YES;
				CLANG_WARN_INFINITE_RECURSION = YES;
				CLANG_WARN_INT_CONVERSION = YES;
				CLANG_WARN_NON_LITERAL_NULL_CONVERSION = YES;
				CLANG_WARN_OBJC_IMPLICIT_RETAIN_SELF = YES;
				CLANG_WARN_OBJC_LITERAL_CONVERSION = YES;
				CLANG_WARN_OBJC_ROOT_CLASS = YES_ERROR;
				CLANG_WARN_QUOTED_INCLUDE_IN_FRAMEWORK_HEADER = YES;
				CLANG_WARN_RANGE_LOOP_ANALYSIS = YES;
				CLANG_WARN_STRICT_PROTOTYPES = YES;
				CLANG_WARN_SUSPICIOUS_MOVE = YES;
				CLANG_WARN_UNGUARDED_AVAILABILITY = YES_AGGRESSIVE;
				CLANG_WARN_UNREACHABLE_CODE = YES;
				CLANG_WARN__DUPLICATE_METHOD_MATCH = YES;
				COPY_PHASE_STRIP = NO;
				DEBUG_INFORMATION_FORMAT = "dwarf-with-dsym";
				ENABLE_NS_ASSERTIONS = NO;
				ENABLE_STRICT_OBJC_MSGSEND = YES;
				GCC_C_LANGUAGE_STANDARD = gnu11;
				GCC_NO_COMMON_BLOCKS = YES;
				GCC_WARN_64_TO_32_BIT_CONVERSION = YES;
				GCC_WARN_ABOUT_RETURN_TYPE = YES_ERROR;
				GCC_WARN_UNDECLARED_SELECTOR = YES;
				GCC_WARN_UNINITIALIZED_AUTOS = YES_AGGRESSIVE;
				GCC_WARN_UNUSED_FUNCTION = YES;
				GCC_WARN_UNUSED_VARIABLE = YES;
				IPHONEOS_DEPLOYMENT_TARGET = 14.0;
				MTL_ENABLE_DEBUG_INFO = NO;
				MTL_FAST_MATH = YES;
				SDKROOT = iphoneos;
				SWIFT_COMPILATION_MODE = wholemodule;
				SWIFT_OPTIMIZATION_LEVEL = "-O";
				VALIDATE_PRODUCT = YES;
			};
			name = Release;
		};
		1097558A2537E3A80088A79A /* Debug */ = {
			isa = XCBuildConfiguration;
			baseConfigurationReference = B7DC86B1CF5A71B62DDD07C8 /* Pods-Parstagram.debug.xcconfig */;
			buildSettings = {
				ASSETCATALOG_COMPILER_APPICON_NAME = AppIcon;
				ASSETCATALOG_COMPILER_GLOBAL_ACCENT_COLOR_NAME = AccentColor;
				CODE_SIGN_STYLE = Automatic;
				INFOPLIST_FILE = Parstagram/Info.plist;
				LD_RUNPATH_SEARCH_PATHS = (
					"$(inherited)",
					"@executable_path/Frameworks",
				);
				PRODUCT_BUNDLE_IDENTIFIER = Codepath.Parstagram;
				PRODUCT_NAME = "$(TARGET_NAME)";
				SWIFT_VERSION = 5.0;
				TARGETED_DEVICE_FAMILY = "1,2";
			};
			name = Debug;
		};
		1097558B2537E3A80088A79A /* Release */ = {
			isa = XCBuildConfiguration;
			baseConfigurationReference = 0DAB2A3A4D75F7E4D1C1DB50 /* Pods-Parstagram.release.xcconfig */;
			buildSettings = {
				ASSETCATALOG_COMPILER_APPICON_NAME = AppIcon;
				ASSETCATALOG_COMPILER_GLOBAL_ACCENT_COLOR_NAME = AccentColor;
				CODE_SIGN_STYLE = Automatic;
				INFOPLIST_FILE = Parstagram/Info.plist;
				LD_RUNPATH_SEARCH_PATHS = (
					"$(inherited)",
					"@executable_path/Frameworks",
				);
				PRODUCT_BUNDLE_IDENTIFIER = Codepath.Parstagram;
				PRODUCT_NAME = "$(TARGET_NAME)";
				SWIFT_VERSION = 5.0;
				TARGETED_DEVICE_FAMILY = "1,2";
			};
			name = Release;
		};
		1097558D2537E3A80088A79A /* Debug */ = {
			isa = XCBuildConfiguration;
			baseConfigurationReference = E173A8743CCDA77FE1264A04 /* Pods-ParstagramTests.debug.xcconfig */;
			buildSettings = {
				ALWAYS_EMBED_SWIFT_STANDARD_LIBRARIES = YES;
				BUNDLE_LOADER = "$(TEST_HOST)";
				CODE_SIGN_STYLE = Automatic;
				INFOPLIST_FILE = ParstagramTests/Info.plist;
				IPHONEOS_DEPLOYMENT_TARGET = 14.0;
				LD_RUNPATH_SEARCH_PATHS = (
					"$(inherited)",
					"@executable_path/Frameworks",
					"@loader_path/Frameworks",
				);
				PRODUCT_BUNDLE_IDENTIFIER = Codepath.ParstagramTests;
				PRODUCT_NAME = "$(TARGET_NAME)";
				SWIFT_VERSION = 5.0;
				TARGETED_DEVICE_FAMILY = "1,2";
				TEST_HOST = "$(BUILT_PRODUCTS_DIR)/Parstagram.app/Parstagram";
			};
			name = Debug;
		};
		1097558E2537E3A80088A79A /* Release */ = {
			isa = XCBuildConfiguration;
			baseConfigurationReference = ED8B726DC034334032DE1F3B /* Pods-ParstagramTests.release.xcconfig */;
			buildSettings = {
				ALWAYS_EMBED_SWIFT_STANDARD_LIBRARIES = YES;
				BUNDLE_LOADER = "$(TEST_HOST)";
				CODE_SIGN_STYLE = Automatic;
				INFOPLIST_FILE = ParstagramTests/Info.plist;
				IPHONEOS_DEPLOYMENT_TARGET = 14.0;
				LD_RUNPATH_SEARCH_PATHS = (
					"$(inherited)",
					"@executable_path/Frameworks",
					"@loader_path/Frameworks",
				);
				PRODUCT_BUNDLE_IDENTIFIER = Codepath.ParstagramTests;
				PRODUCT_NAME = "$(TARGET_NAME)";
				SWIFT_VERSION = 5.0;
				TARGETED_DEVICE_FAMILY = "1,2";
				TEST_HOST = "$(BUILT_PRODUCTS_DIR)/Parstagram.app/Parstagram";
			};
			name = Release;
		};
		109755902537E3A80088A79A /* Debug */ = {
			isa = XCBuildConfiguration;
			baseConfigurationReference = 7B958DC680AD0F066CFAFC9C /* Pods-Parstagram-ParstagramUITests.debug.xcconfig */;
			buildSettings = {
				ALWAYS_EMBED_SWIFT_STANDARD_LIBRARIES = YES;
				CODE_SIGN_STYLE = Automatic;
				INFOPLIST_FILE = ParstagramUITests/Info.plist;
				LD_RUNPATH_SEARCH_PATHS = (
					"$(inherited)",
					"@executable_path/Frameworks",
					"@loader_path/Frameworks",
				);
				PRODUCT_BUNDLE_IDENTIFIER = Codepath.ParstagramUITests;
				PRODUCT_NAME = "$(TARGET_NAME)";
				SWIFT_VERSION = 5.0;
				TARGETED_DEVICE_FAMILY = "1,2";
				TEST_TARGET_NAME = Parstagram;
			};
			name = Debug;
		};
		109755912537E3A80088A79A /* Release */ = {
			isa = XCBuildConfiguration;
			baseConfigurationReference = A4339B546602B374EAB19265 /* Pods-Parstagram-ParstagramUITests.release.xcconfig */;
			buildSettings = {
				ALWAYS_EMBED_SWIFT_STANDARD_LIBRARIES = YES;
				CODE_SIGN_STYLE = Automatic;
				INFOPLIST_FILE = ParstagramUITests/Info.plist;
				LD_RUNPATH_SEARCH_PATHS = (
					"$(inherited)",
					"@executable_path/Frameworks",
					"@loader_path/Frameworks",
				);
				PRODUCT_BUNDLE_IDENTIFIER = Codepath.ParstagramUITests;
				PRODUCT_NAME = "$(TARGET_NAME)";
				SWIFT_VERSION = 5.0;
				TARGETED_DEVICE_FAMILY = "1,2";
				TEST_TARGET_NAME = Parstagram;
			};
			name = Release;
		};
/* End XCBuildConfiguration section */

/* Begin XCConfigurationList section */
		1097555A2537E3A40088A79A /* Build configuration list for PBXProject "Parstagram" */ = {
			isa = XCConfigurationList;
			buildConfigurations = (
				109755872537E3A80088A79A /* Debug */,
				109755882537E3A80088A79A /* Release */,
			);
			defaultConfigurationIsVisible = 0;
			defaultConfigurationName = Release;
		};
		109755892537E3A80088A79A /* Build configuration list for PBXNativeTarget "Parstagram" */ = {
			isa = XCConfigurationList;
			buildConfigurations = (
				1097558A2537E3A80088A79A /* Debug */,
				1097558B2537E3A80088A79A /* Release */,
			);
			defaultConfigurationIsVisible = 0;
			defaultConfigurationName = Release;
		};
		1097558C2537E3A80088A79A /* Build configuration list for PBXNativeTarget "ParstagramTests" */ = {
			isa = XCConfigurationList;
			buildConfigurations = (
				1097558D2537E3A80088A79A /* Debug */,
				1097558E2537E3A80088A79A /* Release */,
			);
			defaultConfigurationIsVisible = 0;
			defaultConfigurationName = Release;
		};
		1097558F2537E3A80088A79A /* Build configuration list for PBXNativeTarget "ParstagramUITests" */ = {
			isa = XCConfigurationList;
			buildConfigurations = (
				109755902537E3A80088A79A /* Debug */,
				109755912537E3A80088A79A /* Release */,
			);
			defaultConfigurationIsVisible = 0;
			defaultConfigurationName = Release;
		};
/* End XCConfigurationList section */
	};
	rootObject = 109755572537E3A40088A79A /* Project object */;
}
